
Microsoft Visual Studio Solution File, Format Version 12.00
# Visual Studio Version 16
VisualStudioVersion = 16.0.32106.194
MinimumVisualStudioVersion = 10.0.40219.1
Project("{FAE04EC0-301F-11D3-BF4B-00C04F79EFBC}") = "EFDataGateway", "EFDataGateway\EFDataGateway.csproj", "{EACBFCD2-6A35-4A8C-81F3-68CC4426D4CD}"
EndProject
Global
	GlobalSection(SolutionConfigurationPlatforms) = preSolution
		Debug|Any CPU = Debug|Any CPU
		Release|Any CPU = Release|Any CPU
	EndGlobalSection
	GlobalSection(ProjectConfigurationPlatforms) = postSolution
		{EACBFCD2-6A35-4A8C-81F3-68CC4426D4CD}.Debug|Any CPU.ActiveCfg = Debug|Any CPU
		{EACBFCD2-6A35-4A8C-81F3-68CC4426D4CD}.Debug|Any CPU.Build.0 = Debug|Any CPU
		{EACBFCD2-6A35-4A8C-81F3-68CC4426D4CD}.Release|Any CPU.ActiveCfg = Release|Any CPU
		{EACBFCD2-6A35-4A8C-81F3-68CC4426D4CD}.Release|Any CPU.Build.0 = Release|Any CPU
	EndGlobalSection
	GlobalSection(SolutionProperties) = preSolution
		HideSolutionNode = FALSE
	EndGlobalSection
	GlobalSection(ExtensibilityGlobals) = postSolution
		SolutionGuid = {E3D54F9A-493E-4BDF-B95F-DD59926A5BAD}
	EndGlobalSection
EndGlobal
